// !$*UTF8*$!
{
	archiveVersion = 1;
	classes = {
	};
	objectVersion = 46;
	objects = {

/* Begin PBXBuildFile section */
		046A9FD115A8560300769F29 /* UIKit.framework in Frameworks */ = {isa = PBXBuildFile; fileRef = 046A9FD015A8560300769F29 /* UIKit.framework */; };
		046A9FD315A8560300769F29 /* Foundation.framework in Frameworks */ = {isa = PBXBuildFile; fileRef = 046A9FD215A8560300769F29 /* Foundation.framework */; };
		046A9FD515A8560300769F29 /* CoreGraphics.framework in Frameworks */ = {isa = PBXBuildFile; fileRef = 046A9FD415A8560300769F29 /* CoreGraphics.framework */; };
		046A9FDB15A8560300769F29 /* InfoPlist.strings in Resources */ = {isa = PBXBuildFile; fileRef = 046A9FD915A8560300769F29 /* InfoPlist.strings */; };
		046A9FDD15A8560300769F29 /* main.m in Sources */ = {isa = PBXBuildFile; fileRef = 046A9FDC15A8560300769F29 /* main.m */; };
		046A9FE115A8560300769F29 /* AppDelegate.m in Sources */ = {isa = PBXBuildFile; fileRef = 046A9FE015A8560300769F29 /* AppDelegate.m */; };
		046A9FE415A8560300769F29 /* ViewController.m in Sources */ = {isa = PBXBuildFile; fileRef = 046A9FE315A8560300769F29 /* ViewController.m */; };
		046A9FE715A8560300769F29 /* ViewController.xib in Resources */ = {isa = PBXBuildFile; fileRef = 046A9FE515A8560300769F29 /* ViewController.xib */; };
		AC00C1F915A85E19007D8781 /* libDeezer.framework in Frameworks */ = {isa = PBXBuildFile; fileRef = AC00C1F715A85E07007D8781 /* libDeezer.framework */; };
/* End PBXBuildFile section */

/* Begin PBXFileReference section */
		046A9FCC15A8560300769F29 /* FuckYeahAwesomeTrack.app */ = {isa = PBXFileReference; explicitFileType = wrapper.application; includeInIndex = 0; path = FuckYeahAwesomeTrack.app; sourceTree = BUILT_PRODUCTS_DIR; };
		046A9FD015A8560300769F29 /* UIKit.framework */ = {isa = PBXFileReference; lastKnownFileType = wrapper.framework; name = UIKit.framework; path = System/Library/Frameworks/UIKit.framework; sourceTree = SDKROOT; };
		046A9FD215A8560300769F29 /* Foundation.framework */ = {isa = PBXFileReference; lastKnownFileType = wrapper.framework; name = Foundation.framework; path = System/Library/Frameworks/Foundation.framework; sourceTree = SDKROOT; };
		046A9FD415A8560300769F29 /* CoreGraphics.framework */ = {isa = PBXFileReference; lastKnownFileType = wrapper.framework; name = CoreGraphics.framework; path = System/Library/Frameworks/CoreGraphics.framework; sourceTree = SDKROOT; };
		046A9FD815A8560300769F29 /* FuckYeahAwesomeTrack-Info.plist */ = {isa = PBXFileReference; lastKnownFileType = text.plist.xml; path = "FuckYeahAwesomeTrack-Info.plist"; sourceTree = "<group>"; };
		046A9FDA15A8560300769F29 /* en */ = {isa = PBXFileReference; lastKnownFileType = text.plist.strings; name = en; path = en.lproj/InfoPlist.strings; sourceTree = "<group>"; };
		046A9FDC15A8560300769F29 /* main.m */ = {isa = PBXFileReference; lastKnownFileType = sourcecode.c.objc; path = main.m; sourceTree = "<group>"; };
		046A9FDE15A8560300769F29 /* FuckYeahAwesomeTrack-Prefix.pch */ = {isa = PBXFileReference; lastKnownFileType = sourcecode.c.h; path = "FuckYeahAwesomeTrack-Prefix.pch"; sourceTree = "<group>"; };
		046A9FDF15A8560300769F29 /* AppDelegate.h */ = {isa = PBXFileReference; lastKnownFileType = sourcecode.c.h; path = AppDelegate.h; sourceTree = "<group>"; };
		046A9FE015A8560300769F29 /* AppDelegate.m */ = {isa = PBXFileReference; lastKnownFileType = sourcecode.c.objc; path = AppDelegate.m; sourceTree = "<group>"; };
		046A9FE215A8560300769F29 /* ViewController.h */ = {isa = PBXFileReference; lastKnownFileType = sourcecode.c.h; path = ViewController.h; sourceTree = "<group>"; };
		046A9FE315A8560300769F29 /* ViewController.m */ = {isa = PBXFileReference; lastKnownFileType = sourcecode.c.objc; path = ViewController.m; sourceTree = "<group>"; };
		046A9FE615A8560300769F29 /* en */ = {isa = PBXFileReference; lastKnownFileType = file.xib; name = en; path = en.lproj/ViewController.xib; sourceTree = "<group>"; };
		AC00C1F615A85E07007D8781 /* GracenoteMusicID.framework */ = {isa = PBXFileReference; lastKnownFileType = wrapper.framework; path = GracenoteMusicID.framework; sourceTree = "<group>"; };
		AC00C1F715A85E07007D8781 /* libDeezer.framework */ = {isa = PBXFileReference; lastKnownFileType = wrapper.framework; path = libDeezer.framework; sourceTree = "<group>"; };
/* End PBXFileReference section */

/* Begin PBXFrameworksBuildPhase section */
		046A9FC915A8560300769F29 /* Frameworks */ = {
			isa = PBXFrameworksBuildPhase;
			buildActionMask = 2147483647;
			files = (
				AC00C1F915A85E19007D8781 /* libDeezer.framework in Frameworks */,
				046A9FD115A8560300769F29 /* UIKit.framework in Frameworks */,
				046A9FD315A8560300769F29 /* Foundation.framework in Frameworks */,
				046A9FD515A8560300769F29 /* CoreGraphics.framework in Frameworks */,
			);
			runOnlyForDeploymentPostprocessing = 0;
		};
/* End PBXFrameworksBuildPhase section */

/* Begin PBXGroup section */
		046A9FC115A8560200769F29 = {
			isa = PBXGroup;
			children = (
				AC00C1F515A85E07007D8781 /* Frameworks */,
				046A9FD615A8560300769F29 /* FuckYeahAwesomeTrack */,
				046A9FCF15A8560300769F29 /* Frameworks */,
				046A9FCD15A8560300769F29 /* Products */,
			);
			sourceTree = "<group>";
		};
		046A9FCD15A8560300769F29 /* Products */ = {
			isa = PBXGroup;
			children = (
				046A9FCC15A8560300769F29 /* FuckYeahAwesomeTrack.app */,
			);
			name = Products;
			sourceTree = "<group>";
		};
		046A9FCF15A8560300769F29 /* Frameworks */ = {
			isa = PBXGroup;
			children = (
				046A9FD015A8560300769F29 /* UIKit.framework */,
				046A9FD215A8560300769F29 /* Foundation.framework */,
				046A9FD415A8560300769F29 /* CoreGraphics.framework */,
			);
			name = Frameworks;
			sourceTree = "<group>";
		};
		046A9FD615A8560300769F29 /* FuckYeahAwesomeTrack */ = {
			isa = PBXGroup;
			children = (
				046A9FDF15A8560300769F29 /* AppDelegate.h */,
				046A9FE015A8560300769F29 /* AppDelegate.m */,
				046A9FE215A8560300769F29 /* ViewController.h */,
				046A9FE315A8560300769F29 /* ViewController.m */,
				046A9FE515A8560300769F29 /* ViewController.xib */,
				046A9FD715A8560300769F29 /* Supporting Files */,
			);
			path = FuckYeahAwesomeTrack;
			sourceTree = "<group>";
		};
		046A9FD715A8560300769F29 /* Supporting Files */ = {
			isa = PBXGroup;
			children = (
				046A9FD815A8560300769F29 /* FuckYeahAwesomeTrack-Info.plist */,
				046A9FD915A8560300769F29 /* InfoPlist.strings */,
				046A9FDC15A8560300769F29 /* main.m */,
				046A9FDE15A8560300769F29 /* FuckYeahAwesomeTrack-Prefix.pch */,
			);
			name = "Supporting Files";
			sourceTree = "<group>";
		};
		AC00C1F515A85E07007D8781 /* Frameworks */ = {
			isa = PBXGroup;
			children = (
				AC00C1F615A85E07007D8781 /* GracenoteMusicID.framework */,
				AC00C1F715A85E07007D8781 /* libDeezer.framework */,
			);
			name = Frameworks;
			path = "../../../Dropbox/Fuck-Yeah-Awesome-Track/Frameworks";
			sourceTree = "<group>";
		};
/* End PBXGroup section */

/* Begin PBXNativeTarget section */
		046A9FCB15A8560300769F29 /* FuckYeahAwesomeTrack */ = {
			isa = PBXNativeTarget;
			buildConfigurationList = 046A9FEA15A8560300769F29 /* Build configuration list for PBXNativeTarget "FuckYeahAwesomeTrack" */;
			buildPhases = (
				046A9FC815A8560300769F29 /* Sources */,
				046A9FC915A8560300769F29 /* Frameworks */,
				046A9FCA15A8560300769F29 /* Resources */,
			);
			buildRules = (
			);
			dependencies = (
			);
			name = FuckYeahAwesomeTrack;
			productName = FuckYeahAwesomeTrack;
			productReference = 046A9FCC15A8560300769F29 /* FuckYeahAwesomeTrack.app */;
			productType = "com.apple.product-type.application";
		};
/* End PBXNativeTarget section */

/* Begin PBXProject section */
		046A9FC315A8560200769F29 /* Project object */ = {
			isa = PBXProject;
			attributes = {
				LastUpgradeCheck = 0430;
			};
			buildConfigurationList = 046A9FC615A8560200769F29 /* Build configuration list for PBXProject "FuckYeahAwesomeTrack" */;
			compatibilityVersion = "Xcode 3.2";
			developmentRegion = English;
			hasScannedForEncodings = 0;
			knownRegions = (
				en,
			);
			mainGroup = 046A9FC115A8560200769F29;
			productRefGroup = 046A9FCD15A8560300769F29 /* Products */;
			projectDirPath = "";
			projectRoot = "";
			targets = (
				046A9FCB15A8560300769F29 /* FuckYeahAwesomeTrack */,
			);
		};
/* End PBXProject section */

/* Begin PBXResourcesBuildPhase section */
		046A9FCA15A8560300769F29 /* Resources */ = {
			isa = PBXResourcesBuildPhase;
			buildActionMask = 2147483647;
			files = (
				046A9FDB15A8560300769F29 /* InfoPlist.strings in Resources */,
				046A9FE715A8560300769F29 /* ViewController.xib in Resources */,
			);
			runOnlyForDeploymentPostprocessing = 0;
		};
/* End PBXResourcesBuildPhase section */

/* Begin PBXSourcesBuildPhase section */
		046A9FC815A8560300769F29 /* Sources */ = {
			isa = PBXSourcesBuildPhase;
			buildActionMask = 2147483647;
			files = (
				046A9FDD15A8560300769F29 /* main.m in Sources */,
				046A9FE115A8560300769F29 /* AppDelegate.m in Sources */,
				046A9FE415A8560300769F29 /* ViewController.m in Sources */,
			);
			runOnlyForDeploymentPostprocessing = 0;
		};
/* End PBXSourcesBuildPhase section */

/* Begin PBXVariantGroup section */
		046A9FD915A8560300769F29 /* InfoPlist.strings */ = {
			isa = PBXVariantGroup;
			children = (
				046A9FDA15A8560300769F29 /* en */,
			);
			name = InfoPlist.strings;
			sourceTree = "<group>";
		};
		046A9FE515A8560300769F29 /* ViewController.xib */ = {
			isa = PBXVariantGroup;
			children = (
				046A9FE615A8560300769F29 /* en */,
			);
			name = ViewController.xib;
			sourceTree = "<group>";
		};
/* End PBXVariantGroup section */

/* Begin XCBuildConfiguration section */
		046A9FE815A8560300769F29 /* Debug */ = {
			isa = XCBuildConfiguration;
			buildSettings = {
				ALWAYS_SEARCH_USER_PATHS = NO;
				ARCHS = "$(ARCHS_STANDARD_32_BIT)";
				CLANG_ENABLE_OBJC_ARC = YES;
				"CODE_SIGN_IDENTITY[sdk=iphoneos*]" = "iPhone Developer";
				COPY_PHASE_STRIP = NO;
				GCC_C_LANGUAGE_STANDARD = gnu99;
				GCC_DYNAMIC_NO_PIC = NO;
				GCC_OPTIMIZATION_LEVEL = 0;
				GCC_PREPROCESSOR_DEFINITIONS = (
					"DEBUG=1",
					"$(inherited)",
				);
				GCC_SYMBOLS_PRIVATE_EXTERN = NO;
				GCC_VERSION = com.apple.compilers.llvm.clang.1_0;
				GCC_WARN_ABOUT_RETURN_TYPE = YES;
				GCC_WARN_UNINITIALIZED_AUTOS = YES;
				GCC_WARN_UNUSED_VARIABLE = YES;
				IPHONEOS_DEPLOYMENT_TARGET = 5.1;
				SDKROOT = iphoneos;
			};
			name = Debug;
		};
		046A9FE915A8560300769F29 /* Release */ = {
			isa = XCBuildConfiguration;
			buildSettings = {
				ALWAYS_SEARCH_USER_PATHS = NO;
				ARCHS = "$(ARCHS_STANDARD_32_BIT)";
				CLANG_ENABLE_OBJC_ARC = YES;
				"CODE_SIGN_IDENTITY[sdk=iphoneos*]" = "iPhone Developer";
				COPY_PHASE_STRIP = YES;
				GCC_C_LANGUAGE_STANDARD = gnu99;
				GCC_VERSION = com.apple.compilers.llvm.clang.1_0;
				GCC_WARN_ABOUT_RETURN_TYPE = YES;
				GCC_WARN_UNINITIALIZED_AUTOS = YES;
				GCC_WARN_UNUSED_VARIABLE = YES;
				IPHONEOS_DEPLOYMENT_TARGET = 5.1;
				OTHER_CFLAGS = "-DNS_BLOCK_ASSERTIONS=1";
				SDKROOT = iphoneos;
				VALIDATE_PRODUCT = YES;
			};
			name = Release;
		};
		046A9FEB15A8560300769F29 /* Debug */ = {
			isa = XCBuildConfiguration;
			buildSettings = {
				FRAMEWORK_SEARCH_PATHS = "$(inherited)";
				GCC_PRECOMPILE_PREFIX_HEADER = YES;
				GCC_PREFIX_HEADER = "FuckYeahAwesomeTrack/FuckYeahAwesomeTrack-Prefix.pch";
				INFOPLIST_FILE = "FuckYeahAwesomeTrack/FuckYeahAwesomeTrack-Info.plist";
				PRODUCT_NAME = "$(TARGET_NAME)";
				WRAPPER_EXTENSION = app;
			};
			name = Debug;
		};
		046A9FEC15A8560300769F29 /* Release */ = {
			isa = XCBuildConfiguration;
			buildSettings = {
				FRAMEWORK_SEARCH_PATHS = "$(inherited)";
				GCC_PRECOMPILE_PREFIX_HEADER = YES;
				GCC_PREFIX_HEADER = "FuckYeahAwesomeTrack/FuckYeahAwesomeTrack-Prefix.pch";
				INFOPLIST_FILE = "FuckYeahAwesomeTrack/FuckYeahAwesomeTrack-Info.plist";
				PRODUCT_NAME = "$(TARGET_NAME)";
				WRAPPER_EXTENSION = app;
			};
			name = Release;
		};
/* End XCBuildConfiguration section */

/* Begin XCConfigurationList section */
		046A9FC615A8560200769F29 /* Build configuration list for PBXProject "FuckYeahAwesomeTrack" */ = {
			isa = XCConfigurationList;
			buildConfigurations = (
				046A9FE815A8560300769F29 /* Debug */,
				046A9FE915A8560300769F29 /* Release */,
			);
			defaultConfigurationIsVisible = 0;
			defaultConfigurationName = Release;
		};
		046A9FEA15A8560300769F29 /* Build configuration list for PBXNativeTarget "FuckYeahAwesomeTrack" */ = {
			isa = XCConfigurationList;
			buildConfigurations = (
				046A9FEB15A8560300769F29 /* Debug */,
				046A9FEC15A8560300769F29 /* Release */,
			);
			defaultConfigurationIsVisible = 0;
			defaultConfigurationName = Release;
		};
/* End XCConfigurationList section */
	};
	rootObject = 046A9FC315A8560200769F29 /* Project object */;
}
