// !$*UTF8*$!
{
	archiveVersion = 1;
	classes = {
	};
	objectVersion = 46;
	objects = {

/* Begin PBXBuildFile section */
		041D9F8F15A8833A009409D3 /* Gracenote.m in Sources */ = {isa = PBXBuildFile; fileRef = 041D9F8E15A8833A009409D3 /* Gracenote.m */; };
		04330EA915A98EA500C87E8B /* StartController.xib in Resources */ = {isa = PBXBuildFile; fileRef = 04330EA815A98EA500C87E8B /* StartController.xib */; };
		04330EAC15A98F7800C87E8B /* RecordingController.xib in Resources */ = {isa = PBXBuildFile; fileRef = 04330EAB15A98F7800C87E8B /* RecordingController.xib */; };
		04330EAE15A990BF00C87E8B /* ResultController.xib in Resources */ = {isa = PBXBuildFile; fileRef = 04330EAD15A990BF00C87E8B /* ResultController.xib */; };
		04639A9015A865D300E2D534 /* CoreMedia.framework in Frameworks */ = {isa = PBXBuildFile; fileRef = 04639A8E15A865D300E2D534 /* CoreMedia.framework */; };
		04639A9115A865D300E2D534 /* MediaPlayer.framework in Frameworks */ = {isa = PBXBuildFile; fileRef = 04639A8F15A865D300E2D534 /* MediaPlayer.framework */; };
		04639A9415A865D900E2D534 /* AudioToolbox.framework in Frameworks */ = {isa = PBXBuildFile; fileRef = 04639A9315A865D900E2D534 /* AudioToolbox.framework */; };
		04639A9715A865E200E2D534 /* CoreData.framework in Frameworks */ = {isa = PBXBuildFile; fileRef = 04639A9515A865E200E2D534 /* CoreData.framework */; };
		04639A9815A865E200E2D534 /* CoreLocation.framework in Frameworks */ = {isa = PBXBuildFile; fileRef = 04639A9615A865E200E2D534 /* CoreLocation.framework */; };
		04639A9A15A865E700E2D534 /* AVFoundation.framework in Frameworks */ = {isa = PBXBuildFile; fileRef = 04639A9915A865E700E2D534 /* AVFoundation.framework */; };
		04639A9C15A865EC00E2D534 /* MapKit.framework in Frameworks */ = {isa = PBXBuildFile; fileRef = 04639A9B15A865EC00E2D534 /* MapKit.framework */; };
		04639A9E15A865F800E2D534 /* libxml2.dylib in Frameworks */ = {isa = PBXBuildFile; fileRef = 04639A9D15A865F800E2D534 /* libxml2.dylib */; };
		04639AA315A866F200E2D534 /* GracenoteMusicID.framework in Frameworks */ = {isa = PBXBuildFile; fileRef = ACA816CD15A8640C00C218DE /* GracenoteMusicID.framework */; };
		04639AA415A866F200E2D534 /* libDeezer.framework in Frameworks */ = {isa = PBXBuildFile; fileRef = ACA816CE15A8640C00C218DE /* libDeezer.framework */; };
		046A9FD115A8560300769F29 /* UIKit.framework in Frameworks */ = {isa = PBXBuildFile; fileRef = 046A9FD015A8560300769F29 /* UIKit.framework */; };
		046A9FD315A8560300769F29 /* Foundation.framework in Frameworks */ = {isa = PBXBuildFile; fileRef = 046A9FD215A8560300769F29 /* Foundation.framework */; };
		046A9FD515A8560300769F29 /* CoreGraphics.framework in Frameworks */ = {isa = PBXBuildFile; fileRef = 046A9FD415A8560300769F29 /* CoreGraphics.framework */; };
		046A9FDB15A8560300769F29 /* InfoPlist.strings in Resources */ = {isa = PBXBuildFile; fileRef = 046A9FD915A8560300769F29 /* InfoPlist.strings */; };
		046A9FDD15A8560300769F29 /* main.m in Sources */ = {isa = PBXBuildFile; fileRef = 046A9FDC15A8560300769F29 /* main.m */; };
		046A9FE115A8560300769F29 /* AppDelegate.m in Sources */ = {isa = PBXBuildFile; fileRef = 046A9FE015A8560300769F29 /* AppDelegate.m */; };
		046A9FE415A8560300769F29 /* ViewController.m in Sources */ = {isa = PBXBuildFile; fileRef = 046A9FE315A8560300769F29 /* ViewController.m */; };
		046A9FE715A8560300769F29 /* ViewController.xib in Resources */ = {isa = PBXBuildFile; fileRef = 046A9FE515A8560300769F29 /* ViewController.xib */; };
		AC53667315A89BC2001E848D /* CHANGELOG.md in Resources */ = {isa = PBXBuildFile; fileRef = AC53666F15A89BC2001E848D /* CHANGELOG.md */; };
		AC53667415A89BC2001E848D /* JSONKit.m in Sources */ = {isa = PBXBuildFile; fileRef = AC53667115A89BC2001E848D /* JSONKit.m */; settings = {COMPILER_FLAGS = "-fno-objc-arc "; }; };
		AC53667515A89BC2001E848D /* README.md in Resources */ = {isa = PBXBuildFile; fileRef = AC53667215A89BC2001E848D /* README.md */; };
		ACE1902A15A88696000B5CD3 /* Deezer.m in Sources */ = {isa = PBXBuildFile; fileRef = ACE1902915A88696000B5CD3 /* Deezer.m */; };
		F85B3B4D15A9ABAB005ECB67 /* StartController.m in Sources */ = {isa = PBXBuildFile; fileRef = F854CB1C15A9A31B0010329C /* StartController.m */; };
		F85B3B5115A9B04D005ECB67 /* RecordingController.m in Sources */ = {isa = PBXBuildFile; fileRef = F85B3B4F15A9B046005ECB67 /* RecordingController.m */; };
		F863A01915A85EF000595058 /* icon.png in Resources */ = {isa = PBXBuildFile; fileRef = F863A01815A85EF000595058 /* icon.png */; };
		F863A01B15A85EF500595058 /* icon@2x.png in Resources */ = {isa = PBXBuildFile; fileRef = F863A01A15A85EF500595058 /* icon@2x.png */; };
		F863A04615A879B000595058 /* ListeningView.m in Sources */ = {isa = PBXBuildFile; fileRef = F863A04515A879B000595058 /* ListeningView.m */; };
/* End PBXBuildFile section */

/* Begin PBXFileReference section */
		041D9F8D15A8833A009409D3 /* Gracenote.h */ = {isa = PBXFileReference; fileEncoding = 4; lastKnownFileType = sourcecode.c.h; path = Gracenote.h; sourceTree = "<group>"; };
		041D9F8E15A8833A009409D3 /* Gracenote.m */ = {isa = PBXFileReference; fileEncoding = 4; lastKnownFileType = sourcecode.c.objc; path = Gracenote.m; sourceTree = "<group>"; };
		04330EA815A98EA500C87E8B /* StartController.xib */ = {isa = PBXFileReference; fileEncoding = 4; lastKnownFileType = file.xib; name = StartController.xib; path = ../StartController.xib; sourceTree = "<group>"; };
		04330EAB15A98F7800C87E8B /* RecordingController.xib */ = {isa = PBXFileReference; fileEncoding = 4; lastKnownFileType = file.xib; name = RecordingController.xib; path = ../RecordingController.xib; sourceTree = "<group>"; };
		04330EAD15A990BF00C87E8B /* ResultController.xib */ = {isa = PBXFileReference; fileEncoding = 4; lastKnownFileType = file.xib; name = ResultController.xib; path = ../ResultController.xib; sourceTree = "<group>"; };
		04639A8E15A865D300E2D534 /* CoreMedia.framework */ = {isa = PBXFileReference; lastKnownFileType = wrapper.framework; name = CoreMedia.framework; path = System/Library/Frameworks/CoreMedia.framework; sourceTree = SDKROOT; };
		04639A8F15A865D300E2D534 /* MediaPlayer.framework */ = {isa = PBXFileReference; lastKnownFileType = wrapper.framework; name = MediaPlayer.framework; path = System/Library/Frameworks/MediaPlayer.framework; sourceTree = SDKROOT; };
		04639A9315A865D900E2D534 /* AudioToolbox.framework */ = {isa = PBXFileReference; lastKnownFileType = wrapper.framework; name = AudioToolbox.framework; path = System/Library/Frameworks/AudioToolbox.framework; sourceTree = SDKROOT; };
		04639A9515A865E200E2D534 /* CoreData.framework */ = {isa = PBXFileReference; lastKnownFileType = wrapper.framework; name = CoreData.framework; path = System/Library/Frameworks/CoreData.framework; sourceTree = SDKROOT; };
		04639A9615A865E200E2D534 /* CoreLocation.framework */ = {isa = PBXFileReference; lastKnownFileType = wrapper.framework; name = CoreLocation.framework; path = System/Library/Frameworks/CoreLocation.framework; sourceTree = SDKROOT; };
		04639A9915A865E700E2D534 /* AVFoundation.framework */ = {isa = PBXFileReference; lastKnownFileType = wrapper.framework; name = AVFoundation.framework; path = System/Library/Frameworks/AVFoundation.framework; sourceTree = SDKROOT; };
		04639A9B15A865EC00E2D534 /* MapKit.framework */ = {isa = PBXFileReference; lastKnownFileType = wrapper.framework; name = MapKit.framework; path = System/Library/Frameworks/MapKit.framework; sourceTree = SDKROOT; };
		04639A9D15A865F800E2D534 /* libxml2.dylib */ = {isa = PBXFileReference; lastKnownFileType = "compiled.mach-o.dylib"; name = libxml2.dylib; path = usr/lib/libxml2.dylib; sourceTree = SDKROOT; };
		046A9FCC15A8560300769F29 /* FuckYeahAwesomeTrack.app */ = {isa = PBXFileReference; explicitFileType = wrapper.application; includeInIndex = 0; path = FuckYeahAwesomeTrack.app; sourceTree = BUILT_PRODUCTS_DIR; };
		046A9FD015A8560300769F29 /* UIKit.framework */ = {isa = PBXFileReference; lastKnownFileType = wrapper.framework; name = UIKit.framework; path = System/Library/Frameworks/UIKit.framework; sourceTree = SDKROOT; };
		046A9FD215A8560300769F29 /* Foundation.framework */ = {isa = PBXFileReference; lastKnownFileType = wrapper.framework; name = Foundation.framework; path = System/Library/Frameworks/Foundation.framework; sourceTree = SDKROOT; };
		046A9FD415A8560300769F29 /* CoreGraphics.framework */ = {isa = PBXFileReference; lastKnownFileType = wrapper.framework; name = CoreGraphics.framework; path = System/Library/Frameworks/CoreGraphics.framework; sourceTree = SDKROOT; };
		046A9FD815A8560300769F29 /* FuckYeahAwesomeTrack-Info.plist */ = {isa = PBXFileReference; lastKnownFileType = text.plist.xml; path = "FuckYeahAwesomeTrack-Info.plist"; sourceTree = "<group>"; };
		046A9FDA15A8560300769F29 /* en */ = {isa = PBXFileReference; lastKnownFileType = text.plist.strings; name = en; path = en.lproj/InfoPlist.strings; sourceTree = "<group>"; };
		046A9FDC15A8560300769F29 /* main.m */ = {isa = PBXFileReference; lastKnownFileType = sourcecode.c.objc; path = main.m; sourceTree = "<group>"; };
		046A9FDE15A8560300769F29 /* FuckYeahAwesomeTrack-Prefix.pch */ = {isa = PBXFileReference; lastKnownFileType = sourcecode.c.h; path = "FuckYeahAwesomeTrack-Prefix.pch"; sourceTree = "<group>"; };
		046A9FDF15A8560300769F29 /* AppDelegate.h */ = {isa = PBXFileReference; lastKnownFileType = sourcecode.c.h; path = AppDelegate.h; sourceTree = "<group>"; };
		046A9FE015A8560300769F29 /* AppDelegate.m */ = {isa = PBXFileReference; lastKnownFileType = sourcecode.c.objc; path = AppDelegate.m; sourceTree = "<group>"; };
		046A9FE215A8560300769F29 /* ViewController.h */ = {isa = PBXFileReference; lastKnownFileType = sourcecode.c.h; path = ViewController.h; sourceTree = "<group>"; };
		046A9FE315A8560300769F29 /* ViewController.m */ = {isa = PBXFileReference; lastKnownFileType = sourcecode.c.objc; path = ViewController.m; sourceTree = "<group>"; };
		046A9FE615A8560300769F29 /* en */ = {isa = PBXFileReference; lastKnownFileType = file.xib; name = en; path = en.lproj/ViewController.xib; sourceTree = "<group>"; };
		AC00C20C15A86300007D8781 /* Secrets.h */ = {isa = PBXFileReference; fileEncoding = 4; lastKnownFileType = sourcecode.c.h; name = Secrets.h; path = "../../../../Dropbox/Fuck-Yeah-Awesome-Track/Secrets.h"; sourceTree = "<group>"; };
		AC53666F15A89BC2001E848D /* CHANGELOG.md */ = {isa = PBXFileReference; fileEncoding = 4; lastKnownFileType = text; path = CHANGELOG.md; sourceTree = "<group>"; };
		AC53667015A89BC2001E848D /* JSONKit.h */ = {isa = PBXFileReference; fileEncoding = 4; lastKnownFileType = sourcecode.c.h; path = JSONKit.h; sourceTree = "<group>"; };
		AC53667115A89BC2001E848D /* JSONKit.m */ = {isa = PBXFileReference; fileEncoding = 4; lastKnownFileType = sourcecode.c.objc; path = JSONKit.m; sourceTree = "<group>"; };
		AC53667215A89BC2001E848D /* README.md */ = {isa = PBXFileReference; fileEncoding = 4; lastKnownFileType = text; path = README.md; sourceTree = "<group>"; };
		ACA816CD15A8640C00C218DE /* GracenoteMusicID.framework */ = {isa = PBXFileReference; lastKnownFileType = wrapper.framework; name = GracenoteMusicID.framework; path = Frameworks/GracenoteMusicID.framework; sourceTree = "<group>"; };
		ACA816CE15A8640C00C218DE /* libDeezer.framework */ = {isa = PBXFileReference; lastKnownFileType = wrapper.framework; name = libDeezer.framework; path = Frameworks/libDeezer.framework; sourceTree = "<group>"; };
		ACE1902815A88696000B5CD3 /* Deezer.h */ = {isa = PBXFileReference; fileEncoding = 4; lastKnownFileType = sourcecode.c.h; path = Deezer.h; sourceTree = "<group>"; };
		ACE1902915A88696000B5CD3 /* Deezer.m */ = {isa = PBXFileReference; fileEncoding = 4; lastKnownFileType = sourcecode.c.objc; path = Deezer.m; sourceTree = "<group>"; };
		F854CB1B15A9A31B0010329C /* StartController.h */ = {isa = PBXFileReference; lastKnownFileType = sourcecode.c.h; path = StartController.h; sourceTree = "<group>"; };
		F854CB1C15A9A31B0010329C /* StartController.m */ = {isa = PBXFileReference; lastKnownFileType = sourcecode.c.objc; path = StartController.m; sourceTree = "<group>"; };
		F85B3B4F15A9B046005ECB67 /* RecordingController.m */ = {isa = PBXFileReference; lastKnownFileType = sourcecode.c.objc; path = RecordingController.m; sourceTree = "<group>"; };
		F85B3B5015A9B046005ECB67 /* RecordingController.h */ = {isa = PBXFileReference; lastKnownFileType = sourcecode.c.h; path = RecordingController.h; sourceTree = "<group>"; };
		F863A01815A85EF000595058 /* icon.png */ = {isa = PBXFileReference; lastKnownFileType = image.png; path = icon.png; sourceTree = "<group>"; };
		F863A01A15A85EF500595058 /* icon@2x.png */ = {isa = PBXFileReference; lastKnownFileType = image.png; path = "icon@2x.png"; sourceTree = "<group>"; };
		F863A04415A879B000595058 /* ListeningView.h */ = {isa = PBXFileReference; fileEncoding = 4; lastKnownFileType = sourcecode.c.h; path = ListeningView.h; sourceTree = "<group>"; };
		F863A04515A879B000595058 /* ListeningView.m */ = {isa = PBXFileReference; fileEncoding = 4; lastKnownFileType = sourcecode.c.objc; path = ListeningView.m; sourceTree = "<group>"; };
/* End PBXFileReference section */

/* Begin PBXFrameworksBuildPhase section */
		046A9FC915A8560300769F29 /* Frameworks */ = {
			isa = PBXFrameworksBuildPhase;
			buildActionMask = 2147483647;
			files = (
				04639A9E15A865F800E2D534 /* libxml2.dylib in Frameworks */,
				04639A9C15A865EC00E2D534 /* MapKit.framework in Frameworks */,
				04639A9A15A865E700E2D534 /* AVFoundation.framework in Frameworks */,
				04639A9715A865E200E2D534 /* CoreData.framework in Frameworks */,
				04639A9815A865E200E2D534 /* CoreLocation.framework in Frameworks */,
				04639A9415A865D900E2D534 /* AudioToolbox.framework in Frameworks */,
				04639A9015A865D300E2D534 /* CoreMedia.framework in Frameworks */,
				04639A9115A865D300E2D534 /* MediaPlayer.framework in Frameworks */,
				046A9FD115A8560300769F29 /* UIKit.framework in Frameworks */,
				046A9FD315A8560300769F29 /* Foundation.framework in Frameworks */,
				046A9FD515A8560300769F29 /* CoreGraphics.framework in Frameworks */,
				04639AA315A866F200E2D534 /* GracenoteMusicID.framework in Frameworks */,
				04639AA415A866F200E2D534 /* libDeezer.framework in Frameworks */,
			);
			runOnlyForDeploymentPostprocessing = 0;
		};
/* End PBXFrameworksBuildPhase section */

/* Begin PBXGroup section */
		046A9FC115A8560200769F29 = {
			isa = PBXGroup;
			children = (
				04639A9D15A865F800E2D534 /* libxml2.dylib */,
				04639A9B15A865EC00E2D534 /* MapKit.framework */,
				04639A9915A865E700E2D534 /* AVFoundation.framework */,
				04639A9515A865E200E2D534 /* CoreData.framework */,
				04639A9615A865E200E2D534 /* CoreLocation.framework */,
				04639A9315A865D900E2D534 /* AudioToolbox.framework */,
				04639A8E15A865D300E2D534 /* CoreMedia.framework */,
				04639A8F15A865D300E2D534 /* MediaPlayer.framework */,
				ACA816CD15A8640C00C218DE /* GracenoteMusicID.framework */,
				ACA816CE15A8640C00C218DE /* libDeezer.framework */,
				F863A01A15A85EF500595058 /* icon@2x.png */,
				F863A01815A85EF000595058 /* icon.png */,
				AC53666E15A89BC2001E848D /* JSONKit */,
				046A9FD615A8560300769F29 /* FuckYeahAwesomeTrack */,
				046A9FCF15A8560300769F29 /* Frameworks */,
				046A9FCD15A8560300769F29 /* Products */,
			);
			sourceTree = "<group>";
		};
		046A9FCD15A8560300769F29 /* Products */ = {
			isa = PBXGroup;
			children = (
				046A9FCC15A8560300769F29 /* FuckYeahAwesomeTrack.app */,
			);
			name = Products;
			sourceTree = "<group>";
		};
		046A9FCF15A8560300769F29 /* Frameworks */ = {
			isa = PBXGroup;
			children = (
				046A9FD015A8560300769F29 /* UIKit.framework */,
				046A9FD215A8560300769F29 /* Foundation.framework */,
				046A9FD415A8560300769F29 /* CoreGraphics.framework */,
			);
			name = Frameworks;
			sourceTree = "<group>";
		};
		046A9FD615A8560300769F29 /* FuckYeahAwesomeTrack */ = {
			isa = PBXGroup;
			children = (
				F85B3B4F15A9B046005ECB67 /* RecordingController.m */,
				F85B3B5015A9B046005ECB67 /* RecordingController.h */,
				F854CB1B15A9A31B0010329C /* StartController.h */,
				F854CB1C15A9A31B0010329C /* StartController.m */,
				AC00C20C15A86300007D8781 /* Secrets.h */,
				046A9FDF15A8560300769F29 /* AppDelegate.h */,
				046A9FE015A8560300769F29 /* AppDelegate.m */,
				046A9FE215A8560300769F29 /* ViewController.h */,
				046A9FE315A8560300769F29 /* ViewController.m */,
				04330EA815A98EA500C87E8B /* StartController.xib */,
				04330EAB15A98F7800C87E8B /* RecordingController.xib */,
				04330EAD15A990BF00C87E8B /* ResultController.xib */,
				046A9FE515A8560300769F29 /* ViewController.xib */,
				046A9FD715A8560300769F29 /* Supporting Files */,
				041D9F8D15A8833A009409D3 /* Gracenote.h */,
				041D9F8E15A8833A009409D3 /* Gracenote.m */,
				ACE1902815A88696000B5CD3 /* Deezer.h */,
				ACE1902915A88696000B5CD3 /* Deezer.m */,
				F863A04415A879B000595058 /* ListeningView.h */,
				F863A04515A879B000595058 /* ListeningView.m */,
			);
			path = FuckYeahAwesomeTrack;
			sourceTree = "<group>";
		};
		046A9FD715A8560300769F29 /* Supporting Files */ = {
			isa = PBXGroup;
			children = (
				046A9FD815A8560300769F29 /* FuckYeahAwesomeTrack-Info.plist */,
				046A9FD915A8560300769F29 /* InfoPlist.strings */,
				046A9FDC15A8560300769F29 /* main.m */,
				046A9FDE15A8560300769F29 /* FuckYeahAwesomeTrack-Prefix.pch */,
			);
			name = "Supporting Files";
			sourceTree = "<group>";
		};
		AC53666E15A89BC2001E848D /* JSONKit */ = {
			isa = PBXGroup;
			children = (
				AC53666F15A89BC2001E848D /* CHANGELOG.md */,
				AC53667015A89BC2001E848D /* JSONKit.h */,
				AC53667115A89BC2001E848D /* JSONKit.m */,
				AC53667215A89BC2001E848D /* README.md */,
			);
			path = JSONKit;
			sourceTree = "<group>";
		};
/* End PBXGroup section */

/* Begin PBXNativeTarget section */
		046A9FCB15A8560300769F29 /* FuckYeahAwesomeTrack */ = {
			isa = PBXNativeTarget;
			buildConfigurationList = 046A9FEA15A8560300769F29 /* Build configuration list for PBXNativeTarget "FuckYeahAwesomeTrack" */;
			buildPhases = (
				046A9FC815A8560300769F29 /* Sources */,
				046A9FC915A8560300769F29 /* Frameworks */,
				046A9FCA15A8560300769F29 /* Resources */,
			);
			buildRules = (
			);
			dependencies = (
			);
			name = FuckYeahAwesomeTrack;
			productName = FuckYeahAwesomeTrack;
			productReference = 046A9FCC15A8560300769F29 /* FuckYeahAwesomeTrack.app */;
			productType = "com.apple.product-type.application";
		};
/* End PBXNativeTarget section */

/* Begin PBXProject section */
		046A9FC315A8560200769F29 /* Project object */ = {
			isa = PBXProject;
			attributes = {
				LastUpgradeCheck = 0430;
			};
			buildConfigurationList = 046A9FC615A8560200769F29 /* Build configuration list for PBXProject "FuckYeahAwesomeTrack" */;
			compatibilityVersion = "Xcode 3.2";
			developmentRegion = English;
			hasScannedForEncodings = 0;
			knownRegions = (
				en,
			);
			mainGroup = 046A9FC115A8560200769F29;
			productRefGroup = 046A9FCD15A8560300769F29 /* Products */;
			projectDirPath = "";
			projectRoot = "";
			targets = (
				046A9FCB15A8560300769F29 /* FuckYeahAwesomeTrack */,
			);
		};
/* End PBXProject section */

/* Begin PBXResourcesBuildPhase section */
		046A9FCA15A8560300769F29 /* Resources */ = {
			isa = PBXResourcesBuildPhase;
			buildActionMask = 2147483647;
			files = (
				046A9FDB15A8560300769F29 /* InfoPlist.strings in Resources */,
				046A9FE715A8560300769F29 /* ViewController.xib in Resources */,
				F863A01915A85EF000595058 /* icon.png in Resources */,
				F863A01B15A85EF500595058 /* icon@2x.png in Resources */,
				AC53667315A89BC2001E848D /* CHANGELOG.md in Resources */,
				AC53667515A89BC2001E848D /* README.md in Resources */,
				04330EA915A98EA500C87E8B /* StartController.xib in Resources */,
				04330EAC15A98F7800C87E8B /* RecordingController.xib in Resources */,
				04330EAE15A990BF00C87E8B /* ResultController.xib in Resources */,
			);
			runOnlyForDeploymentPostprocessing = 0;
		};
/* End PBXResourcesBuildPhase section */

/* Begin PBXSourcesBuildPhase section */
		046A9FC815A8560300769F29 /* Sources */ = {
			isa = PBXSourcesBuildPhase;
			buildActionMask = 2147483647;
			files = (
				046A9FDD15A8560300769F29 /* main.m in Sources */,
				046A9FE115A8560300769F29 /* AppDelegate.m in Sources */,
				046A9FE415A8560300769F29 /* ViewController.m in Sources */,
				041D9F8F15A8833A009409D3 /* Gracenote.m in Sources */,
				ACE1902A15A88696000B5CD3 /* Deezer.m in Sources */,
				F863A04615A879B000595058 /* ListeningView.m in Sources */,
				AC53667415A89BC2001E848D /* JSONKit.m in Sources */,
				F85B3B4D15A9ABAB005ECB67 /* StartController.m in Sources */,
				F85B3B5115A9B04D005ECB67 /* RecordingController.m in Sources */,
			);
			runOnlyForDeploymentPostprocessing = 0;
		};
/* End PBXSourcesBuildPhase section */

/* Begin PBXVariantGroup section */
		046A9FD915A8560300769F29 /* InfoPlist.strings */ = {
			isa = PBXVariantGroup;
			children = (
				046A9FDA15A8560300769F29 /* en */,
			);
			name = InfoPlist.strings;
			sourceTree = "<group>";
		};
		046A9FE515A8560300769F29 /* ViewController.xib */ = {
			isa = PBXVariantGroup;
			children = (
				046A9FE615A8560300769F29 /* en */,
			);
			name = ViewController.xib;
			sourceTree = "<group>";
		};
/* End PBXVariantGroup section */

/* Begin XCBuildConfiguration section */
		046A9FE815A8560300769F29 /* Debug */ = {
			isa = XCBuildConfiguration;
			buildSettings = {
				ALWAYS_SEARCH_USER_PATHS = NO;
				ARCHS = "$(ARCHS_STANDARD_32_BIT)";
				CLANG_ENABLE_OBJC_ARC = YES;
				"CODE_SIGN_IDENTITY[sdk=iphoneos*]" = "iPhone Developer";
				COPY_PHASE_STRIP = NO;
				GCC_C_LANGUAGE_STANDARD = gnu99;
				GCC_DYNAMIC_NO_PIC = NO;
				GCC_OPTIMIZATION_LEVEL = 0;
				GCC_PREPROCESSOR_DEFINITIONS = (
					"DEBUG=1",
					"$(inherited)",
				);
				GCC_SYMBOLS_PRIVATE_EXTERN = NO;
				GCC_VERSION = com.apple.compilers.llvm.clang.1_0;
				GCC_WARN_ABOUT_RETURN_TYPE = YES;
				GCC_WARN_UNINITIALIZED_AUTOS = YES;
				GCC_WARN_UNUSED_VARIABLE = YES;
				IPHONEOS_DEPLOYMENT_TARGET = 5.1;
				SDKROOT = iphoneos;
			};
			name = Debug;
		};
		046A9FE915A8560300769F29 /* Release */ = {
			isa = XCBuildConfiguration;
			buildSettings = {
				ALWAYS_SEARCH_USER_PATHS = NO;
				ARCHS = "$(ARCHS_STANDARD_32_BIT)";
				CLANG_ENABLE_OBJC_ARC = YES;
				"CODE_SIGN_IDENTITY[sdk=iphoneos*]" = "iPhone Developer";
				COPY_PHASE_STRIP = YES;
				GCC_C_LANGUAGE_STANDARD = gnu99;
				GCC_VERSION = com.apple.compilers.llvm.clang.1_0;
				GCC_WARN_ABOUT_RETURN_TYPE = YES;
				GCC_WARN_UNINITIALIZED_AUTOS = YES;
				GCC_WARN_UNUSED_VARIABLE = YES;
				IPHONEOS_DEPLOYMENT_TARGET = 5.1;
				OTHER_CFLAGS = "-DNS_BLOCK_ASSERTIONS=1";
				SDKROOT = iphoneos;
				VALIDATE_PRODUCT = YES;
			};
			name = Release;
		};
		046A9FEB15A8560300769F29 /* Debug */ = {
			isa = XCBuildConfiguration;
			buildSettings = {
				FRAMEWORK_SEARCH_PATHS = (
					"$(inherited)",
					"\"$(SRCROOT)/Frameworks\"",
					"\"$(SRCROOT)/../../../Dropbox/Fuck-Yeah-Awesome-Track/Frameworks\"",
				);
				GCC_PRECOMPILE_PREFIX_HEADER = YES;
				GCC_PREFIX_HEADER = "FuckYeahAwesomeTrack/FuckYeahAwesomeTrack-Prefix.pch";
				INFOPLIST_FILE = "FuckYeahAwesomeTrack/FuckYeahAwesomeTrack-Info.plist";
				LIBRARY_SEARCH_PATHS = (
					"$(inherited)",
					"\"$(SRCROOT)/Frameworks/libDeezer.framework\"",
				);
				"OTHER_LDFLAGS[arch=*]" = "-lstdc++";
				PRODUCT_NAME = "$(TARGET_NAME)";
				WRAPPER_EXTENSION = app;
			};
			name = Debug;
		};
		046A9FEC15A8560300769F29 /* Release */ = {
			isa = XCBuildConfiguration;
			buildSettings = {
				FRAMEWORK_SEARCH_PATHS = (
					"$(inherited)",
					"\"$(SRCROOT)/Frameworks\"",
					"\"$(SRCROOT)/../../../Dropbox/Fuck-Yeah-Awesome-Track/Frameworks\"",
				);
				GCC_PRECOMPILE_PREFIX_HEADER = YES;
				GCC_PREFIX_HEADER = "FuckYeahAwesomeTrack/FuckYeahAwesomeTrack-Prefix.pch";
				INFOPLIST_FILE = "FuckYeahAwesomeTrack/FuckYeahAwesomeTrack-Info.plist";
				LIBRARY_SEARCH_PATHS = (
					"$(inherited)",
					"\"$(SRCROOT)/Frameworks/libDeezer.framework\"",
				);
				"OTHER_LDFLAGS[arch=*]" = "-lstdc++";
				PRODUCT_NAME = "$(TARGET_NAME)";
				WRAPPER_EXTENSION = app;
			};
			name = Release;
		};
/* End XCBuildConfiguration section */

/* Begin XCConfigurationList section */
		046A9FC615A8560200769F29 /* Build configuration list for PBXProject "FuckYeahAwesomeTrack" */ = {
			isa = XCConfigurationList;
			buildConfigurations = (
				046A9FE815A8560300769F29 /* Debug */,
				046A9FE915A8560300769F29 /* Release */,
			);
			defaultConfigurationIsVisible = 0;
			defaultConfigurationName = Release;
		};
		046A9FEA15A8560300769F29 /* Build configuration list for PBXNativeTarget "FuckYeahAwesomeTrack" */ = {
			isa = XCConfigurationList;
			buildConfigurations = (
				046A9FEB15A8560300769F29 /* Debug */,
				046A9FEC15A8560300769F29 /* Release */,
			);
			defaultConfigurationIsVisible = 0;
			defaultConfigurationName = Release;
		};
/* End XCConfigurationList section */
	};
	rootObject = 046A9FC315A8560200769F29 /* Project object */;
}
